
Microsoft Visual Studio Solution File, Format Version 12.00
# Visual Studio Version 17
VisualStudioVersion = 17.0.32112.339
MinimumVisualStudioVersion = 10.0.40219.1
Project("{FAE04EC0-301F-11D3-BF4B-00C04F79EFBC}") = "conversorDivisas", "conversorDivisas.csproj", "{5322569D-33DD-4FDC-AC24-7DD81674FF86}"
EndProject
Global
	GlobalSection(SolutionConfigurationPlatforms) = preSolution
		Debug|Any CPU = Debug|Any CPU
		Release|Any CPU = Release|Any CPU
	EndGlobalSection
	GlobalSection(ProjectConfigurationPlatforms) = postSolution
		{5322569D-33DD-4FDC-AC24-7DD81674FF86}.Debug|Any CPU.ActiveCfg = Debug|Any CPU
		{5322569D-33DD-4FDC-AC24-7DD81674FF86}.Debug|Any CPU.Build.0 = Debug|Any CPU
		{5322569D-33DD-4FDC-AC24-7DD81674FF86}.Release|Any CPU.ActiveCfg = Release|Any CPU
		{5322569D-33DD-4FDC-AC24-7DD81674FF86}.Release|Any CPU.Build.0 = Release|Any CPU
	EndGlobalSection
	GlobalSection(SolutionProperties) = preSolution
		HideSolutionNode = FALSE
	EndGlobalSection
	GlobalSection(ExtensibilityGlobals) = postSolution
		SolutionGuid = {D55BD2EA-959B-4F5A-8405-3571E1FE6D00}
	EndGlobalSection
EndGlobal
